
Microsoft Visual Studio Solution File, Format Version 12.00
# Visual Studio Version 17
VisualStudioVersion = 17.14.36623.8 d17.14
MinimumVisualStudioVersion = 10.0.40219.1
Project("{FAE04EC0-301F-11D3-BF4B-00C04F79EFBC}") = "AgeAPP", "AgeAPP.csproj", "{328F6D1F-5FD5-4E53-8C4C-E65672970EEB}"
EndProject
Global
	GlobalSection(SolutionConfigurationPlatforms) = preSolution
		Debug|Any CPU = Debug|Any CPU
		Release|Any CPU = Release|Any CPU
	EndGlobalSection
	GlobalSection(ProjectConfigurationPlatforms) = postSolution
		{328F6D1F-5FD5-4E53-8C4C-E65672970EEB}.Debug|Any CPU.ActiveCfg = Debug|Any CPU
		{328F6D1F-5FD5-4E53-8C4C-E65672970EEB}.Debug|Any CPU.Build.0 = Debug|Any CPU
		{328F6D1F-5FD5-4E53-8C4C-E65672970EEB}.Release|Any CPU.ActiveCfg = Release|Any CPU
		{328F6D1F-5FD5-4E53-8C4C-E65672970EEB}.Release|Any CPU.Build.0 = Release|Any CPU
	EndGlobalSection
	GlobalSection(SolutionProperties) = preSolution
		HideSolutionNode = FALSE
	EndGlobalSection
	GlobalSection(ExtensibilityGlobals) = postSolution
		SolutionGuid = {6D0E8A76-CBA6-4F7F-8CDE-59559EFAE4F5}
	EndGlobalSection
EndGlobal
